// !$*UTF8*$!
{
	archiveVersion = 1;
	classes = {
	};
	objectVersion = 48;
	objects = {

/* Begin PBXBuildFile section */
		CF014DD31FE2E81800281E23 /* PreferencesAdvancedView.xib in Resources */ = {isa = PBXBuildFile; fileRef = CF014DD21FE2E81800281E23 /* PreferencesAdvancedView.xib */; };
		CF014DD51FE2E85A00281E23 /* AdvancedViewController.swift in Sources */ = {isa = PBXBuildFile; fileRef = CF014DD41FE2E85A00281E23 /* AdvancedViewController.swift */; };
		CF014DD81FE8B9FB00281E23 /* TerminalController.swift in Sources */ = {isa = PBXBuildFile; fileRef = CF014DD71FE8B9FB00281E23 /* TerminalController.swift */; };
		CF014DDA1FE8BAA600281E23 /* TerminalPanel.xib in Resources */ = {isa = PBXBuildFile; fileRef = CF014DD91FE8BAA600281E23 /* TerminalPanel.xib */; };
		CF0CAB661DC258CC00EC9007 /* AppDelegate.swift in Sources */ = {isa = PBXBuildFile; fileRef = CF0CAB651DC258CC00EC9007 /* AppDelegate.swift */; };
		CF0CAB681DC258CC00EC9007 /* Assets.xcassets in Resources */ = {isa = PBXBuildFile; fileRef = CF0CAB671DC258CC00EC9007 /* Assets.xcassets */; };
		CF0CAB6B1DC258CC00EC9007 /* MainMenu.xib in Resources */ = {isa = PBXBuildFile; fileRef = CF0CAB691DC258CC00EC9007 /* MainMenu.xib */; };
		CF0CAB761DC258CC00EC9007 /* uTermTests.swift in Sources */ = {isa = PBXBuildFile; fileRef = CF0CAB751DC258CC00EC9007 /* uTermTests.swift */; };
		CF0CAB811DC258CC00EC9007 /* uTermUITests.swift in Sources */ = {isa = PBXBuildFile; fileRef = CF0CAB801DC258CC00EC9007 /* uTermUITests.swift */; };
		CF1CAF4D1FBA0632003CC620 /* SizeArchiver.swift in Sources */ = {isa = PBXBuildFile; fileRef = CF1CAF4C1FBA0632003CC620 /* SizeArchiver.swift */; };
		CF1CAF4F1FBA3046003CC620 /* GeneralViewController.swift in Sources */ = {isa = PBXBuildFile; fileRef = CF1CAF4E1FBA3045003CC620 /* GeneralViewController.swift */; };
		CF1CAF511FBA30FB003CC620 /* PreferenceManager.swift in Sources */ = {isa = PBXBuildFile; fileRef = CF1CAF501FBA30FB003CC620 /* PreferenceManager.swift */; };
		CF1CAF551FBA7668003CC620 /* AppearanceViewController.swift in Sources */ = {isa = PBXBuildFile; fileRef = CF1CAF541FBA7668003CC620 /* AppearanceViewController.swift */; };
		CF2E5A601DC4168800EC9007 /* AppKit.framework in Frameworks */ = {isa = PBXBuildFile; fileRef = CF2E5A5D1DC4168800EC9007 /* AppKit.framework */; };
		CF2E5A611DC4168800EC9007 /* Cocoa.framework in Frameworks */ = {isa = PBXBuildFile; fileRef = CF2E5A5E1DC4168800EC9007 /* Cocoa.framework */; };
		CF2E5A621DC4168800EC9007 /* Foundation.framework in Frameworks */ = {isa = PBXBuildFile; fileRef = CF2E5A5F1DC4168800EC9007 /* Foundation.framework */; };
		CF2E5A641DC4E16000EC9007 /* StatusMenuController.swift in Sources */ = {isa = PBXBuildFile; fileRef = CF2E5A631DC4E16000EC9007 /* StatusMenuController.swift */; };
		CF45CECE1FE160A800281E23 /* PreferencesGeneralView.xib in Resources */ = {isa = PBXBuildFile; fileRef = CF45CECD1FE160A800281E23 /* PreferencesGeneralView.xib */; };
		CF45CED01FE16E9200281E23 /* PreferencesAppearanceView.xib in Resources */ = {isa = PBXBuildFile; fileRef = CF45CECF1FE16E9200281E23 /* PreferencesAppearanceView.xib */; };
		CFA8576A1FDB91DD00281E23 /* PreferencesPanel.xib in Resources */ = {isa = PBXBuildFile; fileRef = CFA857691FDB91DD00281E23 /* PreferencesPanel.xib */; };
		CFCC8F211E9E885800EC9007 /* RunManager.swift in Sources */ = {isa = PBXBuildFile; fileRef = CFCC8F201E9E885800EC9007 /* RunManager.swift */; };
		CFDF62E21FA815FD00C5038F /* PreferencesViewController.swift in Sources */ = {isa = PBXBuildFile; fileRef = CFDF62E01FA815FD00C5038F /* PreferencesViewController.swift */; };
		CFDF62E51FA918EF00C5038F /* PreferencesController.swift in Sources */ = {isa = PBXBuildFile; fileRef = CFDF62E41FA918EF00C5038F /* PreferencesController.swift */; };
/* End PBXBuildFile section */

/* Begin PBXContainerItemProxy section */
		CF0CAB721DC258CC00EC9007 /* PBXContainerItemProxy */ = {
			isa = PBXContainerItemProxy;
			containerPortal = CF0CAB5A1DC258CC00EC9007 /* Project object */;
			proxyType = 1;
			remoteGlobalIDString = CF0CAB611DC258CC00EC9007;
			remoteInfo = uTerm;
		};
		CF0CAB7D1DC258CC00EC9007 /* PBXContainerItemProxy */ = {
			isa = PBXContainerItemProxy;
			containerPortal = CF0CAB5A1DC258CC00EC9007 /* Project object */;
			proxyType = 1;
			remoteGlobalIDString = CF0CAB611DC258CC00EC9007;
			remoteInfo = uTerm;
		};
/* End PBXContainerItemProxy section */

/* Begin PBXFileReference section */
		CF014DD21FE2E81800281E23 /* PreferencesAdvancedView.xib */ = {isa = PBXFileReference; lastKnownFileType = file.xib; path = PreferencesAdvancedView.xib; sourceTree = "<group>"; };
		CF014DD41FE2E85A00281E23 /* AdvancedViewController.swift */ = {isa = PBXFileReference; lastKnownFileType = sourcecode.swift; path = AdvancedViewController.swift; sourceTree = "<group>"; };
		CF014DD71FE8B9FB00281E23 /* TerminalController.swift */ = {isa = PBXFileReference; lastKnownFileType = sourcecode.swift; path = TerminalController.swift; sourceTree = "<group>"; };
		CF014DD91FE8BAA600281E23 /* TerminalPanel.xib */ = {isa = PBXFileReference; lastKnownFileType = file.xib; path = TerminalPanel.xib; sourceTree = "<group>"; };
		CF0CAB621DC258CC00EC9007 /* uTerm.app */ = {isa = PBXFileReference; explicitFileType = wrapper.application; includeInIndex = 0; path = uTerm.app; sourceTree = BUILT_PRODUCTS_DIR; };
		CF0CAB651DC258CC00EC9007 /* AppDelegate.swift */ = {isa = PBXFileReference; lastKnownFileType = sourcecode.swift; path = AppDelegate.swift; sourceTree = "<group>"; };
		CF0CAB671DC258CC00EC9007 /* Assets.xcassets */ = {isa = PBXFileReference; lastKnownFileType = folder.assetcatalog; path = Assets.xcassets; sourceTree = "<group>"; };
		CF0CAB6A1DC258CC00EC9007 /* Base */ = {isa = PBXFileReference; lastKnownFileType = file.xib; name = Base; path = Base.lproj/MainMenu.xib; sourceTree = "<group>"; };
		CF0CAB6C1DC258CC00EC9007 /* Info.plist */ = {isa = PBXFileReference; lastKnownFileType = text.plist.xml; path = Info.plist; sourceTree = "<group>"; };
		CF0CAB711DC258CC00EC9007 /* uTermTests.xctest */ = {isa = PBXFileReference; explicitFileType = wrapper.cfbundle; includeInIndex = 0; path = uTermTests.xctest; sourceTree = BUILT_PRODUCTS_DIR; };
		CF0CAB751DC258CC00EC9007 /* uTermTests.swift */ = {isa = PBXFileReference; lastKnownFileType = sourcecode.swift; path = uTermTests.swift; sourceTree = "<group>"; };
		CF0CAB771DC258CC00EC9007 /* Info.plist */ = {isa = PBXFileReference; lastKnownFileType = text.plist.xml; path = Info.plist; sourceTree = "<group>"; };
		CF0CAB7C1DC258CC00EC9007 /* uTermUITests.xctest */ = {isa = PBXFileReference; explicitFileType = wrapper.cfbundle; includeInIndex = 0; path = uTermUITests.xctest; sourceTree = BUILT_PRODUCTS_DIR; };
		CF0CAB801DC258CC00EC9007 /* uTermUITests.swift */ = {isa = PBXFileReference; lastKnownFileType = sourcecode.swift; path = uTermUITests.swift; sourceTree = "<group>"; };
		CF0CAB821DC258CC00EC9007 /* Info.plist */ = {isa = PBXFileReference; lastKnownFileType = text.plist.xml; path = Info.plist; sourceTree = "<group>"; };
		CF1CAF4C1FBA0632003CC620 /* SizeArchiver.swift */ = {isa = PBXFileReference; lastKnownFileType = sourcecode.swift; path = SizeArchiver.swift; sourceTree = "<group>"; };
		CF1CAF4E1FBA3045003CC620 /* GeneralViewController.swift */ = {isa = PBXFileReference; lastKnownFileType = sourcecode.swift; path = GeneralViewController.swift; sourceTree = "<group>"; };
		CF1CAF501FBA30FB003CC620 /* PreferenceManager.swift */ = {isa = PBXFileReference; lastKnownFileType = sourcecode.swift; path = PreferenceManager.swift; sourceTree = "<group>"; };
		CF1CAF541FBA7668003CC620 /* AppearanceViewController.swift */ = {isa = PBXFileReference; lastKnownFileType = sourcecode.swift; path = AppearanceViewController.swift; sourceTree = "<group>"; };
		CF2E5A5D1DC4168800EC9007 /* AppKit.framework */ = {isa = PBXFileReference; lastKnownFileType = wrapper.framework; name = AppKit.framework; path = System/Library/Frameworks/AppKit.framework; sourceTree = SDKROOT; };
		CF2E5A5E1DC4168800EC9007 /* Cocoa.framework */ = {isa = PBXFileReference; lastKnownFileType = wrapper.framework; name = Cocoa.framework; path = System/Library/Frameworks/Cocoa.framework; sourceTree = SDKROOT; };
		CF2E5A5F1DC4168800EC9007 /* Foundation.framework */ = {isa = PBXFileReference; lastKnownFileType = wrapper.framework; name = Foundation.framework; path = System/Library/Frameworks/Foundation.framework; sourceTree = SDKROOT; };
		CF2E5A631DC4E16000EC9007 /* StatusMenuController.swift */ = {isa = PBXFileReference; fileEncoding = 4; lastKnownFileType = sourcecode.swift; path = StatusMenuController.swift; sourceTree = "<group>"; };
		CF45CECD1FE160A800281E23 /* PreferencesGeneralView.xib */ = {isa = PBXFileReference; lastKnownFileType = file.xib; path = PreferencesGeneralView.xib; sourceTree = "<group>"; };
		CF45CECF1FE16E9200281E23 /* PreferencesAppearanceView.xib */ = {isa = PBXFileReference; lastKnownFileType = file.xib; path = PreferencesAppearanceView.xib; sourceTree = "<group>"; };
		CF938C4C1DC9123200EC9007 /* set_build_number.sh */ = {isa = PBXFileReference; lastKnownFileType = text.script.sh; path = set_build_number.sh; sourceTree = "<group>"; };
		CFA857691FDB91DD00281E23 /* PreferencesPanel.xib */ = {isa = PBXFileReference; lastKnownFileType = file.xib; path = PreferencesPanel.xib; sourceTree = "<group>"; };
		CFCC8F201E9E885800EC9007 /* RunManager.swift */ = {isa = PBXFileReference; fileEncoding = 4; lastKnownFileType = sourcecode.swift; path = RunManager.swift; sourceTree = "<group>"; };
		CFDF62E01FA815FD00C5038F /* PreferencesViewController.swift */ = {isa = PBXFileReference; lastKnownFileType = sourcecode.swift; path = PreferencesViewController.swift; sourceTree = "<group>"; };
		CFDF62E41FA918EF00C5038F /* PreferencesController.swift */ = {isa = PBXFileReference; lastKnownFileType = sourcecode.swift; path = PreferencesController.swift; sourceTree = "<group>"; };
/* End PBXFileReference section */

/* Begin PBXFrameworksBuildPhase section */
		CF0CAB5F1DC258CC00EC9007 /* Frameworks */ = {
			isa = PBXFrameworksBuildPhase;
			buildActionMask = 2147483647;
			files = (
				CF2E5A601DC4168800EC9007 /* AppKit.framework in Frameworks */,
				CF2E5A611DC4168800EC9007 /* Cocoa.framework in Frameworks */,
				CF2E5A621DC4168800EC9007 /* Foundation.framework in Frameworks */,
			);
			runOnlyForDeploymentPostprocessing = 0;
		};
		CF0CAB6E1DC258CC00EC9007 /* Frameworks */ = {
			isa = PBXFrameworksBuildPhase;
			buildActionMask = 2147483647;
			files = (
			);
			runOnlyForDeploymentPostprocessing = 0;
		};
		CF0CAB791DC258CC00EC9007 /* Frameworks */ = {
			isa = PBXFrameworksBuildPhase;
			buildActionMask = 2147483647;
			files = (
			);
			runOnlyForDeploymentPostprocessing = 0;
		};
/* End PBXFrameworksBuildPhase section */

/* Begin PBXGroup section */
		CF014DD61FE8B93500281E23 /* Terminal */ = {
			isa = PBXGroup;
			children = (
				CF014DD71FE8B9FB00281E23 /* TerminalController.swift */,
				CF014DD91FE8BAA600281E23 /* TerminalPanel.xib */,
			);
			path = Terminal;
			sourceTree = "<group>";
		};
		CF0CAB591DC258CC00EC9007 = {
			isa = PBXGroup;
			children = (
				CF0CAB641DC258CC00EC9007 /* uTerm */,
				CF0CAB741DC258CC00EC9007 /* uTermTests */,
				CF0CAB7F1DC258CC00EC9007 /* uTermUITests */,
				CF0CAB631DC258CC00EC9007 /* Products */,
				CF2E5A5C1DC4168800EC9007 /* Frameworks */,
			);
			sourceTree = "<group>";
		};
		CF0CAB631DC258CC00EC9007 /* Products */ = {
			isa = PBXGroup;
			children = (
				CF0CAB621DC258CC00EC9007 /* uTerm.app */,
				CF0CAB711DC258CC00EC9007 /* uTermTests.xctest */,
				CF0CAB7C1DC258CC00EC9007 /* uTermUITests.xctest */,
			);
			name = Products;
			sourceTree = "<group>";
		};
		CF0CAB641DC258CC00EC9007 /* uTerm */ = {
			isa = PBXGroup;
			children = (
				CF014DD61FE8B93500281E23 /* Terminal */,
				CF66BCF01EE8FFA400EC9007 /* BuildScripts */,
				CF0CAB651DC258CC00EC9007 /* AppDelegate.swift */,
				CF2E5A631DC4E16000EC9007 /* StatusMenuController.swift */,
				CFDF62E61FA9190C00C5038F /* Preferences */,
				CFCC8F201E9E885800EC9007 /* RunManager.swift */,
				CF0CAB671DC258CC00EC9007 /* Assets.xcassets */,
				CF0CAB691DC258CC00EC9007 /* MainMenu.xib */,
				CF0CAB6C1DC258CC00EC9007 /* Info.plist */,
			);
			path = uTerm;
			sourceTree = "<group>";
		};
		CF0CAB741DC258CC00EC9007 /* uTermTests */ = {
			isa = PBXGroup;
			children = (
				CF0CAB751DC258CC00EC9007 /* uTermTests.swift */,
				CF0CAB771DC258CC00EC9007 /* Info.plist */,
			);
			path = uTermTests;
			sourceTree = "<group>";
		};
		CF0CAB7F1DC258CC00EC9007 /* uTermUITests */ = {
			isa = PBXGroup;
			children = (
				CF0CAB801DC258CC00EC9007 /* uTermUITests.swift */,
				CF0CAB821DC258CC00EC9007 /* Info.plist */,
			);
			path = uTermUITests;
			sourceTree = "<group>";
		};
		CF2E5A5C1DC4168800EC9007 /* Frameworks */ = {
			isa = PBXGroup;
			children = (
				CF2E5A5D1DC4168800EC9007 /* AppKit.framework */,
				CF2E5A5E1DC4168800EC9007 /* Cocoa.framework */,
				CF2E5A5F1DC4168800EC9007 /* Foundation.framework */,
			);
			name = Frameworks;
			sourceTree = "<group>";
		};
		CF66BCF01EE8FFA400EC9007 /* BuildScripts */ = {
			isa = PBXGroup;
			children = (
				CF938C4C1DC9123200EC9007 /* set_build_number.sh */,
			);
			path = BuildScripts;
			sourceTree = "<group>";
		};
		CFDF62E61FA9190C00C5038F /* Preferences */ = {
			isa = PBXGroup;
			children = (
				CF1CAF501FBA30FB003CC620 /* PreferenceManager.swift */,
				CFDF62E41FA918EF00C5038F /* PreferencesController.swift */,
				CFDF62E01FA815FD00C5038F /* PreferencesViewController.swift */,
				CF1CAF4C1FBA0632003CC620 /* SizeArchiver.swift */,
				CF1CAF4E1FBA3045003CC620 /* GeneralViewController.swift */,
				CF1CAF541FBA7668003CC620 /* AppearanceViewController.swift */,
				CF014DD41FE2E85A00281E23 /* AdvancedViewController.swift */,
				CFA857691FDB91DD00281E23 /* PreferencesPanel.xib */,
				CF45CECD1FE160A800281E23 /* PreferencesGeneralView.xib */,
				CF45CECF1FE16E9200281E23 /* PreferencesAppearanceView.xib */,
				CF014DD21FE2E81800281E23 /* PreferencesAdvancedView.xib */,
			);
			path = Preferences;
			sourceTree = "<group>";
		};
/* End PBXGroup section */

/* Begin PBXNativeTarget section */
		CF0CAB611DC258CC00EC9007 /* uTerm */ = {
			isa = PBXNativeTarget;
			buildConfigurationList = CF0CAB851DC258CC00EC9007 /* Build configuration list for PBXNativeTarget "uTerm" */;
			buildPhases = (
				CF0CAB5E1DC258CC00EC9007 /* Sources */,
				CF0CAB5F1DC258CC00EC9007 /* Frameworks */,
				CF0CAB601DC258CC00EC9007 /* Resources */,
				CF938C4D1DC91C2300EC9007 /* Set Build Number */,
			);
			buildRules = (
			);
			dependencies = (
			);
			name = uTerm;
			productName = uTerm;
			productReference = CF0CAB621DC258CC00EC9007 /* uTerm.app */;
			productType = "com.apple.product-type.application";
		};
		CF0CAB701DC258CC00EC9007 /* uTermTests */ = {
			isa = PBXNativeTarget;
			buildConfigurationList = CF0CAB881DC258CC00EC9007 /* Build configuration list for PBXNativeTarget "uTermTests" */;
			buildPhases = (
				CF0CAB6D1DC258CC00EC9007 /* Sources */,
				CF0CAB6E1DC258CC00EC9007 /* Frameworks */,
				CF0CAB6F1DC258CC00EC9007 /* Resources */,
			);
			buildRules = (
			);
			dependencies = (
				CF0CAB731DC258CC00EC9007 /* PBXTargetDependency */,
			);
			name = uTermTests;
			productName = uTermTests;
			productReference = CF0CAB711DC258CC00EC9007 /* uTermTests.xctest */;
			productType = "com.apple.product-type.bundle.unit-test";
		};
		CF0CAB7B1DC258CC00EC9007 /* uTermUITests */ = {
			isa = PBXNativeTarget;
			buildConfigurationList = CF0CAB8B1DC258CC00EC9007 /* Build configuration list for PBXNativeTarget "uTermUITests" */;
			buildPhases = (
				CF0CAB781DC258CC00EC9007 /* Sources */,
				CF0CAB791DC258CC00EC9007 /* Frameworks */,
				CF0CAB7A1DC258CC00EC9007 /* Resources */,
			);
			buildRules = (
			);
			dependencies = (
				CF0CAB7E1DC258CC00EC9007 /* PBXTargetDependency */,
			);
			name = uTermUITests;
			productName = uTermUITests;
			productReference = CF0CAB7C1DC258CC00EC9007 /* uTermUITests.xctest */;
			productType = "com.apple.product-type.bundle.ui-testing";
		};
/* End PBXNativeTarget section */

/* Begin PBXProject section */
		CF0CAB5A1DC258CC00EC9007 /* Project object */ = {
			isa = PBXProject;
			attributes = {
				LastSwiftUpdateCheck = 0800;
				LastUpgradeCheck = 0900;
				ORGANIZATIONNAME = "v2-lab";
				TargetAttributes = {
					CF0CAB611DC258CC00EC9007 = {
						CreatedOnToolsVersion = 8.0;
						DevelopmentTeam = KNERK97WK8;
						LastSwiftMigration = 0900;
						ProvisioningStyle = Automatic;
					};
					CF0CAB701DC258CC00EC9007 = {
						CreatedOnToolsVersion = 8.0;
						DevelopmentTeam = KNERK97WK8;
						LastSwiftMigration = 0900;
						ProvisioningStyle = Automatic;
						TestTargetID = CF0CAB611DC258CC00EC9007;
					};
					CF0CAB7B1DC258CC00EC9007 = {
						CreatedOnToolsVersion = 8.0;
						DevelopmentTeam = KNERK97WK8;
						LastSwiftMigration = 0900;
						ProvisioningStyle = Automatic;
						TestTargetID = CF0CAB611DC258CC00EC9007;
					};
				};
			};
			buildConfigurationList = CF0CAB5D1DC258CC00EC9007 /* Build configuration list for PBXProject "uTerm" */;
			compatibilityVersion = "Xcode 8.0";
			developmentRegion = English;
			hasScannedForEncodings = 0;
			knownRegions = (
				en,
				Base,
			);
			mainGroup = CF0CAB591DC258CC00EC9007;
			productRefGroup = CF0CAB631DC258CC00EC9007 /* Products */;
			projectDirPath = "";
			projectRoot = "";
			targets = (
				CF0CAB611DC258CC00EC9007 /* uTerm */,
				CF0CAB701DC258CC00EC9007 /* uTermTests */,
				CF0CAB7B1DC258CC00EC9007 /* uTermUITests */,
			);
		};
/* End PBXProject section */

/* Begin PBXResourcesBuildPhase section */
		CF0CAB601DC258CC00EC9007 /* Resources */ = {
			isa = PBXResourcesBuildPhase;
			buildActionMask = 2147483647;
			files = (
				CF45CECE1FE160A800281E23 /* PreferencesGeneralView.xib in Resources */,
				CF014DD31FE2E81800281E23 /* PreferencesAdvancedView.xib in Resources */,
				CF0CAB681DC258CC00EC9007 /* Assets.xcassets in Resources */,
				CF0CAB6B1DC258CC00EC9007 /* MainMenu.xib in Resources */,
				CF014DDA1FE8BAA600281E23 /* TerminalPanel.xib in Resources */,
				CFA8576A1FDB91DD00281E23 /* PreferencesPanel.xib in Resources */,
				CF45CED01FE16E9200281E23 /* PreferencesAppearanceView.xib in Resources */,
			);
			runOnlyForDeploymentPostprocessing = 0;
		};
		CF0CAB6F1DC258CC00EC9007 /* Resources */ = {
			isa = PBXResourcesBuildPhase;
			buildActionMask = 2147483647;
			files = (
			);
			runOnlyForDeploymentPostprocessing = 0;
		};
		CF0CAB7A1DC258CC00EC9007 /* Resources */ = {
			isa = PBXResourcesBuildPhase;
			buildActionMask = 2147483647;
			files = (
			);
			runOnlyForDeploymentPostprocessing = 0;
		};
/* End PBXResourcesBuildPhase section */

/* Begin PBXShellScriptBuildPhase section */
		CF938C4D1DC91C2300EC9007 /* Set Build Number */ = {
			isa = PBXShellScriptBuildPhase;
			buildActionMask = 2147483647;
			files = (
			);
			inputPaths = (
			);
			name = "Set Build Number";
			outputPaths = (
			);
			runOnlyForDeploymentPostprocessing = 0;
			shellPath = /bin/sh;
			shellScript = "${SRCROOT}/uTerm/BuildScripts/set_build_number.sh";
		};
/* End PBXShellScriptBuildPhase section */

/* Begin PBXSourcesBuildPhase section */
		CF0CAB5E1DC258CC00EC9007 /* Sources */ = {
			isa = PBXSourcesBuildPhase;
			buildActionMask = 2147483647;
			files = (
				CF1CAF4D1FBA0632003CC620 /* SizeArchiver.swift in Sources */,
				CF1CAF551FBA7668003CC620 /* AppearanceViewController.swift in Sources */,
				CF1CAF4F1FBA3046003CC620 /* GeneralViewController.swift in Sources */,
				CFDF62E21FA815FD00C5038F /* PreferencesViewController.swift in Sources */,
				CF014DD81FE8B9FB00281E23 /* TerminalController.swift in Sources */,
				CF2E5A641DC4E16000EC9007 /* StatusMenuController.swift in Sources */,
				CF1CAF511FBA30FB003CC620 /* PreferenceManager.swift in Sources */,
				CF014DD51FE2E85A00281E23 /* AdvancedViewController.swift in Sources */,
				CFDF62E51FA918EF00C5038F /* PreferencesController.swift in Sources */,
				CFCC8F211E9E885800EC9007 /* RunManager.swift in Sources */,
				CF0CAB661DC258CC00EC9007 /* AppDelegate.swift in Sources */,
			);
			runOnlyForDeploymentPostprocessing = 0;
		};
		CF0CAB6D1DC258CC00EC9007 /* Sources */ = {
			isa = PBXSourcesBuildPhase;
			buildActionMask = 2147483647;
			files = (
				CF0CAB761DC258CC00EC9007 /* uTermTests.swift in Sources */,
			);
			runOnlyForDeploymentPostprocessing = 0;
		};
		CF0CAB781DC258CC00EC9007 /* Sources */ = {
			isa = PBXSourcesBuildPhase;
			buildActionMask = 2147483647;
			files = (
				CF0CAB811DC258CC00EC9007 /* uTermUITests.swift in Sources */,
			);
			runOnlyForDeploymentPostprocessing = 0;
		};
/* End PBXSourcesBuildPhase section */

/* Begin PBXTargetDependency section */
		CF0CAB731DC258CC00EC9007 /* PBXTargetDependency */ = {
			isa = PBXTargetDependency;
			target = CF0CAB611DC258CC00EC9007 /* uTerm */;
			targetProxy = CF0CAB721DC258CC00EC9007 /* PBXContainerItemProxy */;
		};
		CF0CAB7E1DC258CC00EC9007 /* PBXTargetDependency */ = {
			isa = PBXTargetDependency;
			target = CF0CAB611DC258CC00EC9007 /* uTerm */;
			targetProxy = CF0CAB7D1DC258CC00EC9007 /* PBXContainerItemProxy */;
		};
/* End PBXTargetDependency section */

/* Begin PBXVariantGroup section */
		CF0CAB691DC258CC00EC9007 /* MainMenu.xib */ = {
			isa = PBXVariantGroup;
			children = (
				CF0CAB6A1DC258CC00EC9007 /* Base */,
			);
			name = MainMenu.xib;
			sourceTree = "<group>";
		};
/* End PBXVariantGroup section */

/* Begin XCBuildConfiguration section */
		CF0CAB831DC258CC00EC9007 /* Debug */ = {
			isa = XCBuildConfiguration;
			buildSettings = {
				ALWAYS_SEARCH_USER_PATHS = NO;
				CLANG_ANALYZER_NONNULL = YES;
				CLANG_CXX_LANGUAGE_STANDARD = "gnu++0x";
				CLANG_CXX_LIBRARY = "libc++";
				CLANG_ENABLE_MODULES = YES;
				CLANG_ENABLE_OBJC_ARC = YES;
				CLANG_WARN_BLOCK_CAPTURE_AUTORELEASING = YES;
				CLANG_WARN_BOOL_CONVERSION = YES;
				CLANG_WARN_COMMA = YES;
				CLANG_WARN_CONSTANT_CONVERSION = YES;
				CLANG_WARN_DIRECT_OBJC_ISA_USAGE = YES_ERROR;
				CLANG_WARN_DOCUMENTATION_COMMENTS = YES;
				CLANG_WARN_EMPTY_BODY = YES;
				CLANG_WARN_ENUM_CONVERSION = YES;
				CLANG_WARN_INFINITE_RECURSION = YES;
				CLANG_WARN_INT_CONVERSION = YES;
				CLANG_WARN_NON_LITERAL_NULL_CONVERSION = YES;
				CLANG_WARN_OBJC_LITERAL_CONVERSION = YES;
				CLANG_WARN_OBJC_ROOT_CLASS = YES_ERROR;
				CLANG_WARN_RANGE_LOOP_ANALYSIS = YES;
				CLANG_WARN_STRICT_PROTOTYPES = YES;
				CLANG_WARN_SUSPICIOUS_MOVE = YES;
				CLANG_WARN_SUSPICIOUS_MOVES = YES;
				CLANG_WARN_UNREACHABLE_CODE = YES;
				CLANG_WARN__DUPLICATE_METHOD_MATCH = YES;
				CODE_SIGN_IDENTITY = "Mac Developer";
				COPY_PHASE_STRIP = NO;
				DEBUG_INFORMATION_FORMAT = dwarf;
				ENABLE_STRICT_OBJC_MSGSEND = YES;
				ENABLE_TESTABILITY = YES;
				GCC_C_LANGUAGE_STANDARD = gnu99;
				GCC_DYNAMIC_NO_PIC = NO;
				GCC_NO_COMMON_BLOCKS = YES;
				GCC_OPTIMIZATION_LEVEL = 0;
				GCC_PREPROCESSOR_DEFINITIONS = (
					"DEBUG=1",
					"$(inherited)",
				);
				GCC_WARN_64_TO_32_BIT_CONVERSION = YES;
				GCC_WARN_ABOUT_RETURN_TYPE = YES_ERROR;
				GCC_WARN_UNDECLARED_SELECTOR = YES;
				GCC_WARN_UNINITIALIZED_AUTOS = YES_AGGRESSIVE;
				GCC_WARN_UNUSED_FUNCTION = YES;
				GCC_WARN_UNUSED_VARIABLE = YES;
				MACOSX_DEPLOYMENT_TARGET = 10.11;
				MTL_ENABLE_DEBUG_INFO = YES;
				ONLY_ACTIVE_ARCH = YES;
				SDKROOT = macosx;
				SWIFT_ACTIVE_COMPILATION_CONDITIONS = DEBUG;
				SWIFT_OPTIMIZATION_LEVEL = "-Onone";
				SWIFT_VERSION = 4.0;
			};
			name = Debug;
		};
		CF0CAB841DC258CC00EC9007 /* Release */ = {
			isa = XCBuildConfiguration;
			buildSettings = {
				ALWAYS_SEARCH_USER_PATHS = NO;
				CLANG_ANALYZER_NONNULL = YES;
				CLANG_CXX_LANGUAGE_STANDARD = "gnu++0x";
				CLANG_CXX_LIBRARY = "libc++";
				CLANG_ENABLE_MODULES = YES;
				CLANG_ENABLE_OBJC_ARC = YES;
				CLANG_WARN_BLOCK_CAPTURE_AUTORELEASING = YES;
				CLANG_WARN_BOOL_CONVERSION = YES;
				CLANG_WARN_COMMA = YES;
				CLANG_WARN_CONSTANT_CONVERSION = YES;
				CLANG_WARN_DIRECT_OBJC_ISA_USAGE = YES_ERROR;
				CLANG_WARN_DOCUMENTATION_COMMENTS = YES;
				CLANG_WARN_EMPTY_BODY = YES;
				CLANG_WARN_ENUM_CONVERSION = YES;
				CLANG_WARN_INFINITE_RECURSION = YES;
				CLANG_WARN_INT_CONVERSION = YES;
				CLANG_WARN_NON_LITERAL_NULL_CONVERSION = YES;
				CLANG_WARN_OBJC_LITERAL_CONVERSION = YES;
				CLANG_WARN_OBJC_ROOT_CLASS = YES_ERROR;
				CLANG_WARN_RANGE_LOOP_ANALYSIS = YES;
				CLANG_WARN_STRICT_PROTOTYPES = YES;
				CLANG_WARN_SUSPICIOUS_MOVE = YES;
				CLANG_WARN_SUSPICIOUS_MOVES = YES;
				CLANG_WARN_UNREACHABLE_CODE = YES;
				CLANG_WARN__DUPLICATE_METHOD_MATCH = YES;
				CODE_SIGN_IDENTITY = "Mac Developer";
				COPY_PHASE_STRIP = NO;
				DEBUG_INFORMATION_FORMAT = "dwarf-with-dsym";
				ENABLE_NS_ASSERTIONS = NO;
				ENABLE_STRICT_OBJC_MSGSEND = YES;
				GCC_C_LANGUAGE_STANDARD = gnu99;
				GCC_NO_COMMON_BLOCKS = YES;
				GCC_WARN_64_TO_32_BIT_CONVERSION = YES;
				GCC_WARN_ABOUT_RETURN_TYPE = YES_ERROR;
				GCC_WARN_UNDECLARED_SELECTOR = YES;
				GCC_WARN_UNINITIALIZED_AUTOS = YES_AGGRESSIVE;
				GCC_WARN_UNUSED_FUNCTION = YES;
				GCC_WARN_UNUSED_VARIABLE = YES;
				MACOSX_DEPLOYMENT_TARGET = 10.11;
				MTL_ENABLE_DEBUG_INFO = NO;
				SDKROOT = macosx;
				SWIFT_OPTIMIZATION_LEVEL = "-Owholemodule";
				SWIFT_VERSION = 4.0;
			};
			name = Release;
		};
		CF0CAB861DC258CC00EC9007 /* Debug */ = {
			isa = XCBuildConfiguration;
			buildSettings = {
				ASSETCATALOG_COMPILER_APPICON_NAME = AppIcon;
				CODE_SIGN_IDENTITY = "Mac Developer";
				CODE_SIGN_STYLE = Automatic;
				COMBINE_HIDPI_IMAGES = YES;
				DEVELOPMENT_TEAM = "";
				INFOPLIST_FILE = uTerm/Info.plist;
				LD_RUNPATH_SEARCH_PATHS = "$(inherited) @executable_path/../Frameworks";
				MACOSX_DEPLOYMENT_TARGET = 10.11;
				PRODUCT_BUNDLE_IDENTIFIER = "br.com.v2-lab.apps.uterm";
				PRODUCT_NAME = "$(TARGET_NAME)";
				PROVISIONING_PROFILE_SPECIFIER = "";
				SWIFT_SWIFT3_OBJC_INFERENCE = Default;
				SWIFT_VERSION = 4.0;
			};
			name = Debug;
		};
		CF0CAB871DC258CC00EC9007 /* Release */ = {
			isa = XCBuildConfiguration;
			buildSettings = {
				ASSETCATALOG_COMPILER_APPICON_NAME = AppIcon;
				CODE_SIGN_IDENTITY = "Mac Developer";
				CODE_SIGN_STYLE = Automatic;
				COMBINE_HIDPI_IMAGES = YES;
				DEVELOPMENT_TEAM = "";
				INFOPLIST_FILE = uTerm/Info.plist;
				LD_RUNPATH_SEARCH_PATHS = "$(inherited) @executable_path/../Frameworks";
				MACOSX_DEPLOYMENT_TARGET = 10.11;
				PRODUCT_BUNDLE_IDENTIFIER = "br.com.v2-lab.apps.uterm";
				PRODUCT_NAME = "$(TARGET_NAME)";
				PROVISIONING_PROFILE_SPECIFIER = "";
				SWIFT_SWIFT3_OBJC_INFERENCE = Default;
				SWIFT_VERSION = 4.0;
			};
			name = Release;
		};
		CF0CAB891DC258CC00EC9007 /* Debug */ = {
			isa = XCBuildConfiguration;
			buildSettings = {
				ALWAYS_EMBED_SWIFT_STANDARD_LIBRARIES = YES;
				BUNDLE_LOADER = "$(TEST_HOST)";
				COMBINE_HIDPI_IMAGES = YES;
				DEVELOPMENT_TEAM = KNERK97WK8;
				INFOPLIST_FILE = uTermTests/Info.plist;
				LD_RUNPATH_SEARCH_PATHS = "$(inherited) @executable_path/../Frameworks @loader_path/../Frameworks";
				PRODUCT_BUNDLE_IDENTIFIER = "br.com.v2-lab.apps.uTermTests";
				PRODUCT_NAME = "$(TARGET_NAME)";
				SWIFT_SWIFT3_OBJC_INFERENCE = Default;
				SWIFT_VERSION = 4.0;
				TEST_HOST = "$(BUILT_PRODUCTS_DIR)/uTerm.app/Contents/MacOS/uTerm";
			};
			name = Debug;
		};
		CF0CAB8A1DC258CC00EC9007 /* Release */ = {
			isa = XCBuildConfiguration;
			buildSettings = {
				ALWAYS_EMBED_SWIFT_STANDARD_LIBRARIES = YES;
				BUNDLE_LOADER = "$(TEST_HOST)";
				COMBINE_HIDPI_IMAGES = YES;
				DEVELOPMENT_TEAM = KNERK97WK8;
				INFOPLIST_FILE = uTermTests/Info.plist;
				LD_RUNPATH_SEARCH_PATHS = "$(inherited) @executable_path/../Frameworks @loader_path/../Frameworks";
				PRODUCT_BUNDLE_IDENTIFIER = "br.com.v2-lab.apps.uTermTests";
				PRODUCT_NAME = "$(TARGET_NAME)";
				SWIFT_SWIFT3_OBJC_INFERENCE = Default;
				SWIFT_VERSION = 4.0;
				TEST_HOST = "$(BUILT_PRODUCTS_DIR)/uTerm.app/Contents/MacOS/uTerm";
			};
			name = Release;
		};
		CF0CAB8C1DC258CC00EC9007 /* Debug */ = {
			isa = XCBuildConfiguration;
			buildSettings = {
				ALWAYS_EMBED_SWIFT_STANDARD_LIBRARIES = YES;
				COMBINE_HIDPI_IMAGES = YES;
				DEVELOPMENT_TEAM = KNERK97WK8;
				INFOPLIST_FILE = uTermUITests/Info.plist;
				LD_RUNPATH_SEARCH_PATHS = "$(inherited) @executable_path/../Frameworks @loader_path/../Frameworks";
				PRODUCT_BUNDLE_IDENTIFIER = "br.com.v2-lab.apps.uTermUITests";
				PRODUCT_NAME = "$(TARGET_NAME)";
				SWIFT_SWIFT3_OBJC_INFERENCE = Default;
				SWIFT_VERSION = 4.0;
				TEST_TARGET_NAME = uTerm;
			};
			name = Debug;
		};
		CF0CAB8D1DC258CC00EC9007 /* Release */ = {
			isa = XCBuildConfiguration;
			buildSettings = {
				ALWAYS_EMBED_SWIFT_STANDARD_LIBRARIES = YES;
				COMBINE_HIDPI_IMAGES = YES;
				DEVELOPMENT_TEAM = KNERK97WK8;
				INFOPLIST_FILE = uTermUITests/Info.plist;
				LD_RUNPATH_SEARCH_PATHS = "$(inherited) @executable_path/../Frameworks @loader_path/../Frameworks";
				PRODUCT_BUNDLE_IDENTIFIER = "br.com.v2-lab.apps.uTermUITests";
				PRODUCT_NAME = "$(TARGET_NAME)";
				SWIFT_SWIFT3_OBJC_INFERENCE = Default;
				SWIFT_VERSION = 4.0;
				TEST_TARGET_NAME = uTerm;
			};
			name = Release;
		};
/* End XCBuildConfiguration section */

/* Begin XCConfigurationList section */
		CF0CAB5D1DC258CC00EC9007 /* Build configuration list for PBXProject "uTerm" */ = {
			isa = XCConfigurationList;
			buildConfigurations = (
				CF0CAB831DC258CC00EC9007 /* Debug */,
				CF0CAB841DC258CC00EC9007 /* Release */,
			);
			defaultConfigurationIsVisible = 0;
			defaultConfigurationName = Release;
		};
		CF0CAB851DC258CC00EC9007 /* Build configuration list for PBXNativeTarget "uTerm" */ = {
			isa = XCConfigurationList;
			buildConfigurations = (
				CF0CAB861DC258CC00EC9007 /* Debug */,
				CF0CAB871DC258CC00EC9007 /* Release */,
			);
			defaultConfigurationIsVisible = 0;
			defaultConfigurationName = Release;
		};
		CF0CAB881DC258CC00EC9007 /* Build configuration list for PBXNativeTarget "uTermTests" */ = {
			isa = XCConfigurationList;
			buildConfigurations = (
				CF0CAB891DC258CC00EC9007 /* Debug */,
				CF0CAB8A1DC258CC00EC9007 /* Release */,
			);
			defaultConfigurationIsVisible = 0;
			defaultConfigurationName = Release;
		};
		CF0CAB8B1DC258CC00EC9007 /* Build configuration list for PBXNativeTarget "uTermUITests" */ = {
			isa = XCConfigurationList;
			buildConfigurations = (
				CF0CAB8C1DC258CC00EC9007 /* Debug */,
				CF0CAB8D1DC258CC00EC9007 /* Release */,
			);
			defaultConfigurationIsVisible = 0;
			defaultConfigurationName = Release;
		};
/* End XCConfigurationList section */
	};
	rootObject = CF0CAB5A1DC258CC00EC9007 /* Project object */;
}
